{
    "name": "test-app",
    "version": "1.0.0",
    "lockfileVersion": 3,
    "requires": true,
    "packages": {
        "": {
            "name": "test-app",
            "version": "1.0.0",
            "dependencies": {
                "@azure/functions": "^4.16.1",
                "durable-functions": "file:../../../packages/azure-functions-durable"
            },
            "devDependencies": {
                "@types/node": "^20.x",
                "rimraf": "^5.0.0",
                "typescript": "^4.7.2"
            }
        },
        "../../../packages/azure-functions-durable": {
            "name": "durable-functions",
            "version": "4.0.0",
            "license": "MIT",
            "dependencies": {
                "@azure/functions": "^4.16.1",
                "@grpc/grpc-js": "^1.14.4",
                "@microsoft/durabletask-js": "0.4.0"
            },
            "devDependencies": {
                "@types/jest": "^29.5.1",
                "@types/node": "^22.0.0",
                "jest": "^29.5.0",
                "ts-jest": "^29.1.0",
                "typescript": "^5.0.4"
            },
            "engines": {
                "node": ">=22.0.0"
            }
        },
        "node_modules/@azure/functions": {
            "version": "4.16.2",
            "resolved": "https://ms-feed-2.pkgs.visualstudio.com/1es-public/_packaging/npm-public/npm/registry/@azure/functions/-/functions-4.16.2.tgz",
            "integrity": "sha1-e/GOBuS1+Ss2i0I8xX/pu2WI788=",
            "license": "MIT",
            "dependencies": {
                "@azure/functions-extensions-base": "0.3.0",
                "cookie": "^0.7.0"
            },
            "engines": {
                "node": ">=20.0"
            }
        },
        "node_modules/@azure/functions-extensions-base": {
            "version": "0.3.0",
            "resolved": "https://ms-feed-25.pkgs.visualstudio.com/1es-public/_packaging/npm-public/npm/registry/@azure/functions-extensions-base/-/functions-extensions-base-0.3.0.tgz",
            "integrity": "sha1-cGLy8GmLtkdwN4+eev+fd8Ukn04=",
            "license": "MIT",
            "engines": {
                "node": ">=18.0"
            }
        },
        "node_modules/@isaacs/cliui": {
            "version": "8.0.2",
            "resolved": "https://ms-feed-25.pkgs.visualstudio.com/1es-public/_packaging/npm-public/npm/registry/@isaacs/cliui/-/cliui-8.0.2.tgz",
            "integrity": "sha1-s3Znt7wYHBaHgiWbq0JHT79StVA=",
            "dev": true,
            "license": "ISC",
            "dependencies": {
                "string-width": "^5.1.2",
                "string-width-cjs": "npm:string-width@^4.2.0",
                "strip-ansi": "^7.0.1",
                "strip-ansi-cjs": "npm:strip-ansi@^6.0.1",
                "wrap-ansi": "^8.1.0",
                "wrap-ansi-cjs": "npm:wrap-ansi@^7.0.0"
            },
            "engines": {
                "node": ">=12"
            }
        },
        "node_modules/@pkgjs/parseargs": {
            "version": "0.11.0",
            "resolved": "https://ms-feed-12.pkgs.visualstudio.com/1es-public/_packaging/npm-public/npm/registry/@pkgjs/parseargs/-/parseargs-0.11.0.tgz",
            "integrity": "sha1-p36nQvqyV3UUVDTrHSMoz1ATrDM=",
            "dev": true,
            "license": "MIT",
            "optional": true,
            "engines": {
                "node": ">=14"
            }
        },
        "node_modules/@types/node": {
            "version": "20.19.43",
            "resolved": "https://ms-feed-2.pkgs.visualstudio.com/1es-public/_packaging/npm-public/npm/registry/@types/node/-/node-20.19.43.tgz",
            "integrity": "sha1-/Oz1gLpCoNtVz0BMNyyXlzw3bJc=",
            "dev": true,
            "license": "MIT",
            "dependencies": {
                "undici-types": "~6.21.0"
            }
        },
        "node_modules/ansi-regex": {
            "version": "6.2.2",
            "resolved": "https://ms-feed-12.pkgs.visualstudio.com/1es-public/_packaging/npm-public/npm/registry/ansi-regex/-/ansi-regex-6.2.2.tgz",
            "integrity": "sha1-YCFu6kZNhkWXzigyAAc4oFiWUME=",
            "dev": true,
            "license": "MIT",
            "engines": {
                "node": ">=12"
            },
            "funding": {
                "url": "https://github.com/chalk/ansi-regex?sponsor=1"
            }
        },
        "node_modules/ansi-styles": {
            "version": "6.2.3",
            "resolved": "https://ms-feed-25.pkgs.visualstudio.com/1es-public/_packaging/npm-public/npm/registry/ansi-styles/-/ansi-styles-6.2.3.tgz",
            "integrity": "sha1-wETV3MUhoHZBNHJZehrLHxA8QEE=",
            "dev": true,
            "license": "MIT",
            "engines": {
                "node": ">=12"
            },
            "funding": {
                "url": "https://github.com/chalk/ansi-styles?sponsor=1"
            }
        },
        "node_modules/balanced-match": {
            "version": "1.0.2",
            "resolved": "https://ms-feed-12.pkgs.visualstudio.com/1es-public/_packaging/npm-public/npm/registry/balanced-match/-/balanced-match-1.0.2.tgz",
            "integrity": "sha1-6D46fj8wCzTLnYf2FfoMvzV2kO4=",
            "dev": true,
            "license": "MIT"
        },
        "node_modules/brace-expansion": {
            "version": "2.1.2",
            "resolved": "https://ms-feed-12.pkgs.visualstudio.com/1es-public/_packaging/npm-public/npm/registry/brace-expansion/-/brace-expansion-2.1.2.tgz",
            "integrity": "sha1-C7oicf631Fiw0xrRNiWqpHVEMeI=",
            "dev": true,
            "license": "MIT",
            "dependencies": {
                "balanced-match": "^1.0.0"
            }
        },
        "node_modules/color-convert": {
            "version": "2.0.1",
            "resolved": "https://ms-feed-25.pkgs.visualstudio.com/1es-public/_packaging/npm-public/npm/registry/color-convert/-/color-convert-2.0.1.tgz",
            "integrity": "sha1-ctOmjVmMm9s68q0ehPIdiWq9TeM=",
            "dev": true,
            "license": "MIT",
            "dependencies": {
                "color-name": "~1.1.4"
            },
            "engines": {
                "node": ">=7.0.0"
            }
        },
        "node_modules/color-name": {
            "version": "1.1.4",
            "resolved": "https://ms-feed-12.pkgs.visualstudio.com/1es-public/_packaging/npm-public/npm/registry/color-name/-/color-name-1.1.4.tgz",
            "integrity": "sha1-wqCah6y95pVD3m9j+jmVyCbFNqI=",
            "dev": true,
            "license": "MIT"
        },
        "node_modules/cookie": {
            "version": "0.7.2",
            "resolved": "https://ms-feed-12.pkgs.visualstudio.com/1es-public/_packaging/npm-public/npm/registry/cookie/-/cookie-0.7.2.tgz",
            "integrity": "sha1-VWNpxHKiupEPKXmJG1JrNDYjftc=",
            "license": "MIT",
            "engines": {
                "node": ">= 0.6"
            }
        },
        "node_modules/cross-spawn": {
            "version": "7.0.6",
            "resolved": "https://ms-feed-12.pkgs.visualstudio.com/1es-public/_packaging/npm-public/npm/registry/cross-spawn/-/cross-spawn-7.0.6.tgz",
            "integrity": "sha1-ilj+ePANzXDDcEUXWd+/rwPo7p8=",
            "dev": true,
            "license": "MIT",
            "dependencies": {
                "path-key": "^3.1.0",
                "shebang-command": "^2.0.0",
                "which": "^2.0.1"
            },
            "engines": {
                "node": ">= 8"
            }
        },
        "node_modules/durable-functions": {
            "resolved": "../../../packages/azure-functions-durable",
            "link": true
        },
        "node_modules/eastasianwidth": {
            "version": "0.2.0",
            "resolved": "https://ms-feed-2.pkgs.visualstudio.com/1es-public/_packaging/npm-public/npm/registry/eastasianwidth/-/eastasianwidth-0.2.0.tgz",
            "integrity": "sha1-aWzi7Aqg5uqTo5f/zySqeEDIJ8s=",
            "dev": true,
            "license": "MIT"
        },
        "node_modules/emoji-regex": {
            "version": "9.2.2",
            "resolved": "https://ms-feed-2.pkgs.visualstudio.com/1es-public/_packaging/npm-public/npm/registry/emoji-regex/-/emoji-regex-9.2.2.tgz",
            "integrity": "sha1-hAyIA7DYBH9P8M+WMXazLU7z7XI=",
            "dev": true,
            "license": "MIT"
        },
        "node_modules/foreground-child": {
            "version": "3.3.1",
            "resolved": "https://ms-feed-25.pkgs.visualstudio.com/1es-public/_packaging/npm-public/npm/registry/foreground-child/-/foreground-child-3.3.1.tgz",
            "integrity": "sha1-Mujp7Rtoo0l777msK2rfkqY4V28=",
            "dev": true,
            "license": "ISC",
            "dependencies": {
                "cross-spawn": "^7.0.6",
                "signal-exit": "^4.0.1"
            },
            "engines": {
                "node": ">=14"
            },
            "funding": {
                "url": "https://github.com/sponsors/isaacs"
            }
        },
        "node_modules/glob": {
            "version": "10.5.0",
            "resolved": "https://ms-feed-12.pkgs.visualstudio.com/1es-public/_packaging/npm-public/npm/registry/glob/-/glob-10.5.0.tgz",
            "integrity": "sha1-jsA1WRnNMzjChCiiPU8k7MX+c4w=",
            "deprecated": "Old versions of glob are not supported, and contain widely publicized security vulnerabilities, which have been fixed in the current version. Please update. Support for old versions may be purchased (at exorbitant rates) by contacting i@izs.me",
            "dev": true,
            "license": "ISC",
            "dependencies": {
                "foreground-child": "^3.1.0",
                "jackspeak": "^3.1.2",
                "minimatch": "^9.0.4",
                "minipass": "^7.1.2",
                "package-json-from-dist": "^1.0.0",
                "path-scurry": "^1.11.1"
            },
            "bin": {
                "glob": "dist/esm/bin.mjs"
            },
            "funding": {
                "url": "https://github.com/sponsors/isaacs"
            }
        },
        "node_modules/is-fullwidth-code-point": {
            "version": "3.0.0",
            "resolved": "https://ms-feed-12.pkgs.visualstudio.com/1es-public/_packaging/npm-public/npm/registry/is-fullwidth-code-point/-/is-fullwidth-code-point-3.0.0.tgz",
            "integrity": "sha1-8Rb4Bk/pCz94RKOJl8C3UFEmnx0=",
            "dev": true,
            "license": "MIT",
            "engines": {
                "node": ">=8"
            }
        },
        "node_modules/isexe": {
            "version": "2.0.0",
            "resolved": "https://ms-feed-12.pkgs.visualstudio.com/1es-public/_packaging/npm-public/npm/registry/isexe/-/isexe-2.0.0.tgz",
            "integrity": "sha1-6PvzdNxVb/iUehDcsFctYz8s+hA=",
            "dev": true,
            "license": "ISC"
        },
        "node_modules/jackspeak": {
            "version": "3.4.3",
            "resolved": "https://ms-feed-12.pkgs.visualstudio.com/1es-public/_packaging/npm-public/npm/registry/jackspeak/-/jackspeak-3.4.3.tgz",
            "integrity": "sha1-iDOp2Jq0rN5hiJQr0cU7Y5DtWoo=",
            "dev": true,
            "license": "BlueOak-1.0.0",
            "dependencies": {
                "@isaacs/cliui": "^8.0.2"
            },
            "funding": {
                "url": "https://github.com/sponsors/isaacs"
            },
            "optionalDependencies": {
                "@pkgjs/parseargs": "^0.11.0"
            }
        },
        "node_modules/lru-cache": {
            "version": "10.4.3",
            "resolved": "https://ms-feed-12.pkgs.visualstudio.com/1es-public/_packaging/npm-public/npm/registry/lru-cache/-/lru-cache-10.4.3.tgz",
            "integrity": "sha1-QQ/IoXtw5ZgBPfJXwkRrfzOD8Rk=",
            "dev": true,
            "license": "ISC"
        },
        "node_modules/minimatch": {
            "version": "9.0.9",
            "resolved": "https://ms-feed-25.pkgs.visualstudio.com/1es-public/_packaging/npm-public/npm/registry/minimatch/-/minimatch-9.0.9.tgz",
            "integrity": "sha1-mwy5/LeAh/b9fqur4lEcTT1gV04=",
            "dev": true,
            "license": "ISC",
            "dependencies": {
                "brace-expansion": "^2.0.2"
            },
            "engines": {
                "node": ">=16 || 14 >=14.17"
            },
            "funding": {
                "url": "https://github.com/sponsors/isaacs"
            }
        },
        "node_modules/minipass": {
            "version": "7.1.3",
            "resolved": "https://ms-feed-12.pkgs.visualstudio.com/1es-public/_packaging/npm-public/npm/registry/minipass/-/minipass-7.1.3.tgz",
            "integrity": "sha1-eTibTrG7LQA6m7qH1JLyvTe9xls=",
            "dev": true,
            "license": "BlueOak-1.0.0",
            "engines": {
                "node": ">=16 || 14 >=14.17"
            }
        },
        "node_modules/package-json-from-dist": {
            "version": "1.0.1",
            "resolved": "https://ms-feed-12.pkgs.visualstudio.com/1es-public/_packaging/npm-public/npm/registry/package-json-from-dist/-/package-json-from-dist-1.0.1.tgz",
            "integrity": "sha1-TxRxoBCCeob5TP2bByfjbSZ95QU=",
            "dev": true,
            "license": "BlueOak-1.0.0"
        },
        "node_modules/path-key": {
            "version": "3.1.1",
            "resolved": "https://ms-feed-2.pkgs.visualstudio.com/1es-public/_packaging/npm-public/npm/registry/path-key/-/path-key-3.1.1.tgz",
            "integrity": "sha1-WB9q3mWMu6ZaDTOA3ndTKVBU83U=",
            "dev": true,
            "license": "MIT",
            "engines": {
                "node": ">=8"
            }
        },
        "node_modules/path-scurry": {
            "version": "1.11.1",
            "resolved": "https://ms-feed-12.pkgs.visualstudio.com/1es-public/_packaging/npm-public/npm/registry/path-scurry/-/path-scurry-1.11.1.tgz",
            "integrity": "sha1-eWCmaIiFlKByCxKpEdGnQqufEdI=",
            "dev": true,
            "license": "BlueOak-1.0.0",
            "dependencies": {
                "lru-cache": "^10.2.0",
                "minipass": "^5.0.0 || ^6.0.2 || ^7.0.0"
            },
            "engines": {
                "node": ">=16 || 14 >=14.18"
            },
            "funding": {
                "url": "https://github.com/sponsors/isaacs"
            }
        },
        "node_modules/rimraf": {
            "version": "5.0.10",
            "resolved": "https://ms-feed-12.pkgs.visualstudio.com/1es-public/_packaging/npm-public/npm/registry/rimraf/-/rimraf-5.0.10.tgz",
            "integrity": "sha1-I7mEPT3JLbcfluGizpLjn9KoIhw=",
            "dev": true,
            "license": "ISC",
            "dependencies": {
                "glob": "^10.3.7"
            },
            "bin": {
                "rimraf": "dist/esm/bin.mjs"
            },
            "funding": {
                "url": "https://github.com/sponsors/isaacs"
            }
        },
        "node_modules/shebang-command": {
            "version": "2.0.0",
            "resolved": "https://ms-feed-12.pkgs.visualstudio.com/1es-public/_packaging/npm-public/npm/registry/shebang-command/-/shebang-command-2.0.0.tgz",
            "integrity": "sha1-zNCvT4g1+9wmW4JGGq8MNmY/NOo=",
            "dev": true,
            "license": "MIT",
            "dependencies": {
                "shebang-regex": "^3.0.0"
            },
            "engines": {
                "node": ">=8"
            }
        },
        "node_modules/shebang-regex": {
            "version": "3.0.0",
            "resolved": "https://ms-feed-2.pkgs.visualstudio.com/1es-public/_packaging/npm-public/npm/registry/shebang-regex/-/shebang-regex-3.0.0.tgz",
            "integrity": "sha1-rhbxZE2HPsrYQ7AwexQzYtTEIXI=",
            "dev": true,
            "license": "MIT",
            "engines": {
                "node": ">=8"
            }
        },
        "node_modules/signal-exit": {
            "version": "4.1.0",
            "resolved": "https://ms-feed-25.pkgs.visualstudio.com/1es-public/_packaging/npm-public/npm/registry/signal-exit/-/signal-exit-4.1.0.tgz",
            "integrity": "sha1-lSGIwcvVRgcOLdIND0HArgUwywQ=",
            "dev": true,
            "license": "ISC",
            "engines": {
                "node": ">=14"
            },
            "funding": {
                "url": "https://github.com/sponsors/isaacs"
            }
        },
        "node_modules/string-width": {
            "version": "5.1.2",
            "resolved": "https://ms-feed-25.pkgs.visualstudio.com/1es-public/_packaging/npm-public/npm/registry/string-width/-/string-width-5.1.2.tgz",
            "integrity": "sha1-FPja7G2B5yIdKjV+Zoyrc728p5Q=",
            "dev": true,
            "license": "MIT",
            "dependencies": {
                "eastasianwidth": "^0.2.0",
                "emoji-regex": "^9.2.2",
                "strip-ansi": "^7.0.1"
            },
            "engines": {
                "node": ">=12"
            },
            "funding": {
                "url": "https://github.com/sponsors/sindresorhus"
            }
        },
        "node_modules/string-width-cjs": {
            "name": "string-width",
            "version": "4.2.3",
            "resolved": "https://ms-feed-12.pkgs.visualstudio.com/1es-public/_packaging/npm-public/npm/registry/string-width/-/string-width-4.2.3.tgz",
            "integrity": "sha1-JpxxF9J7Ba0uU2gwqOyJXvnG0BA=",
            "dev": true,
            "license": "MIT",
            "dependencies": {
                "emoji-regex": "^8.0.0",
                "is-fullwidth-code-point": "^3.0.0",
                "strip-ansi": "^6.0.1"
            },
            "engines": {
                "node": ">=8"
            }
        },
        "node_modules/string-width-cjs/node_modules/ansi-regex": {
            "version": "5.0.1",
            "resolved": "https://ms-feed-25.pkgs.visualstudio.com/1es-public/_packaging/npm-public/npm/registry/ansi-regex/-/ansi-regex-5.0.1.tgz",
            "integrity": "sha1-CCyyyJyf6GWaMRpTvWpNxTAdswQ=",
            "dev": true,
            "license": "MIT",
            "engines": {
                "node": ">=8"
            }
        },
        "node_modules/string-width-cjs/node_modules/emoji-regex": {
            "version": "8.0.0",
            "resolved": "https://ms-feed-12.pkgs.visualstudio.com/1es-public/_packaging/npm-public/npm/registry/emoji-regex/-/emoji-regex-8.0.0.tgz",
            "integrity": "sha1-6Bj9ac5cz8tARZT4QpY79TFkzDc=",
            "dev": true,
            "license": "MIT"
        },
        "node_modules/string-width-cjs/node_modules/strip-ansi": {
            "version": "6.0.1",
            "resolved": "https://ms-feed-2.pkgs.visualstudio.com/1es-public/_packaging/npm-public/npm/registry/strip-ansi/-/strip-ansi-6.0.1.tgz",
            "integrity": "sha1-nibGPTD1NEPpSJSVshBdN7Z6hdk=",
            "dev": true,
            "license": "MIT",
            "dependencies": {
                "ansi-regex": "^5.0.1"
            },
            "engines": {
                "node": ">=8"
            }
        },
        "node_modules/strip-ansi": {
            "version": "7.2.0",
            "resolved": "https://ms-feed-12.pkgs.visualstudio.com/1es-public/_packaging/npm-public/npm/registry/strip-ansi/-/strip-ansi-7.2.0.tgz",
            "integrity": "sha1-0iomlSKDamJ6+NBLXD/Sx/o+MuM=",
            "dev": true,
            "license": "MIT",
            "dependencies": {
                "ansi-regex": "^6.2.2"
            },
            "engines": {
                "node": ">=12"
            },
            "funding": {
                "url": "https://github.com/chalk/strip-ansi?sponsor=1"
            }
        },
        "node_modules/strip-ansi-cjs": {
            "name": "strip-ansi",
            "version": "6.0.1",
            "resolved": "https://ms-feed-2.pkgs.visualstudio.com/1es-public/_packaging/npm-public/npm/registry/strip-ansi/-/strip-ansi-6.0.1.tgz",
            "integrity": "sha1-nibGPTD1NEPpSJSVshBdN7Z6hdk=",
            "dev": true,
            "license": "MIT",
            "dependencies": {
                "ansi-regex": "^5.0.1"
            },
            "engines": {
                "node": ">=8"
            }
        },
        "node_modules/strip-ansi-cjs/node_modules/ansi-regex": {
            "version": "5.0.1",
            "resolved": "https://ms-feed-25.pkgs.visualstudio.com/1es-public/_packaging/npm-public/npm/registry/ansi-regex/-/ansi-regex-5.0.1.tgz",
            "integrity": "sha1-CCyyyJyf6GWaMRpTvWpNxTAdswQ=",
            "dev": true,
            "license": "MIT",
            "engines": {
                "node": ">=8"
            }
        },
        "node_modules/typescript": {
            "version": "4.9.5",
            "resolved": "https://ms-feed-12.pkgs.visualstudio.com/1es-public/_packaging/npm-public/npm/registry/typescript/-/typescript-4.9.5.tgz",
            "integrity": "sha1-CVl5+bzA0J2jJNWNA86Pg3TL5lo=",
            "dev": true,
            "license": "Apache-2.0",
            "bin": {
                "tsc": "bin/tsc",
                "tsserver": "bin/tsserver"
            },
            "engines": {
                "node": ">=4.2.0"
            }
        },
        "node_modules/undici-types": {
            "version": "6.23.0",
            "resolved": "https://ms-feed-25.pkgs.visualstudio.com/1es-public/_packaging/npm-public/npm/registry/undici-types/-/undici-types-6.23.0.tgz",
            "integrity": "sha1-UpEUTImcnIaJaPuoD93ZxI3vdfk=",
            "dev": true,
            "license": "MIT"
        },
        "node_modules/which": {
            "version": "2.0.2",
            "resolved": "https://ms-feed-2.pkgs.visualstudio.com/1es-public/_packaging/npm-public/npm/registry/which/-/which-2.0.2.tgz",
            "integrity": "sha1-fGqN0KY2oDJ+ELWckobu6T8/UbE=",
            "dev": true,
            "license": "ISC",
            "dependencies": {
                "isexe": "^2.0.0"
            },
            "bin": {
                "node-which": "bin/node-which"
            },
            "engines": {
                "node": ">= 8"
            }
        },
        "node_modules/wrap-ansi": {
            "version": "8.1.0",
            "resolved": "https://ms-feed-12.pkgs.visualstudio.com/1es-public/_packaging/npm-public/npm/registry/wrap-ansi/-/wrap-ansi-8.1.0.tgz",
            "integrity": "sha1-VtwiNo7lcPrOG0mBmXXZuaXq0hQ=",
            "dev": true,
            "license": "MIT",
            "dependencies": {
                "ansi-styles": "^6.1.0",
                "string-width": "^5.0.1",
                "strip-ansi": "^7.0.1"
            },
            "engines": {
                "node": ">=12"
            },
            "funding": {
                "url": "https://github.com/chalk/wrap-ansi?sponsor=1"
            }
        },
        "node_modules/wrap-ansi-cjs": {
            "name": "wrap-ansi",
            "version": "7.0.0",
            "resolved": "https://ms-feed-2.pkgs.visualstudio.com/1es-public/_packaging/npm-public/npm/registry/wrap-ansi/-/wrap-ansi-7.0.0.tgz",
            "integrity": "sha1-Z+FFz/UQpqaYS98RUpEdadLrnkM=",
            "dev": true,
            "license": "MIT",
            "dependencies": {
                "ansi-styles": "^4.0.0",
                "string-width": "^4.1.0",
                "strip-ansi": "^6.0.0"
            },
            "engines": {
                "node": ">=10"
            },
            "funding": {
                "url": "https://github.com/chalk/wrap-ansi?sponsor=1"
            }
        },
        "node_modules/wrap-ansi-cjs/node_modules/ansi-regex": {
            "version": "5.0.1",
            "resolved": "https://ms-feed-25.pkgs.visualstudio.com/1es-public/_packaging/npm-public/npm/registry/ansi-regex/-/ansi-regex-5.0.1.tgz",
            "integrity": "sha1-CCyyyJyf6GWaMRpTvWpNxTAdswQ=",
            "dev": true,
            "license": "MIT",
            "engines": {
                "node": ">=8"
            }
        },
        "node_modules/wrap-ansi-cjs/node_modules/ansi-styles": {
            "version": "4.3.0",
            "resolved": "https://ms-feed-25.pkgs.visualstudio.com/1es-public/_packaging/npm-public/npm/registry/ansi-styles/-/ansi-styles-4.3.0.tgz",
            "integrity": "sha1-7dgDYornHATIWuegkG7a00tkiTc=",
            "dev": true,
            "license": "MIT",
            "dependencies": {
                "color-convert": "^2.0.1"
            },
            "engines": {
                "node": ">=8"
            },
            "funding": {
                "url": "https://github.com/chalk/ansi-styles?sponsor=1"
            }
        },
        "node_modules/wrap-ansi-cjs/node_modules/emoji-regex": {
            "version": "8.0.0",
            "resolved": "https://ms-feed-12.pkgs.visualstudio.com/1es-public/_packaging/npm-public/npm/registry/emoji-regex/-/emoji-regex-8.0.0.tgz",
            "integrity": "sha1-6Bj9ac5cz8tARZT4QpY79TFkzDc=",
            "dev": true,
            "license": "MIT"
        },
        "node_modules/wrap-ansi-cjs/node_modules/string-width": {
            "version": "4.2.3",
            "resolved": "https://ms-feed-2.pkgs.visualstudio.com/1es-public/_packaging/npm-public/npm/registry/string-width/-/string-width-4.2.3.tgz",
            "integrity": "sha1-JpxxF9J7Ba0uU2gwqOyJXvnG0BA=",
            "dev": true,
            "license": "MIT",
            "dependencies": {
                "emoji-regex": "^8.0.0",
                "is-fullwidth-code-point": "^3.0.0",
                "strip-ansi": "^6.0.1"
            },
            "engines": {
                "node": ">=8"
            }
        },
        "node_modules/wrap-ansi-cjs/node_modules/strip-ansi": {
            "version": "6.0.1",
            "resolved": "https://ms-feed-25.pkgs.visualstudio.com/1es-public/_packaging/npm-public/npm/registry/strip-ansi/-/strip-ansi-6.0.1.tgz",
            "integrity": "sha1-nibGPTD1NEPpSJSVshBdN7Z6hdk=",
            "dev": true,
            "license": "MIT",
            "dependencies": {
                "ansi-regex": "^5.0.1"
            },
            "engines": {
                "node": ">=8"
            }
        }
    }
}
